# This file is automatically @generated by Cargo.
# It is not intended for manual editing.
version = 4

[[package]]
name = "ee-core"
version = "1.0.0-alpha.1"

[[package]]
name = "ee-dict"
version = "1.0.0-alpha.1"

[[package]]
name = "ee-linux"
version = "1.0.0-alpha.1"

[[package]]
name = "ee-mac"
version = "1.0.0-alpha.1"

[[package]]
name = "ee-win"
version = "1.0.0-alpha.1"
